
Microsoft Visual Studio Solution File, Format Version 12.00
# Visual Studio 15
Project("{FAE04EC0-301F-11D3-BF4B-00C04F79EFBC}") = "InteractiveSample", "Assembly-CSharp-firstpass.csproj", "{A6F9F3AC-CD74-ECD9-3F8E-19AEF72BE934}"
EndProject
Project("{FAE04EC0-301F-11D3-BF4B-00C04F79EFBC}") = "InteractiveSample", "Assembly-CSharp.csproj", "{33569665-0F8D-E34D-55B3-19A49CC82781}"
EndProject
Global
	GlobalSection(SolutionConfigurationPlatforms) = preSolution
		Debug|Any CPU = Debug|Any CPU
		Release|Any CPU = Release|Any CPU
	EndGlobalSection
	GlobalSection(ProjectConfigurationPlatforms) = postSolution
		{A6F9F3AC-CD74-ECD9-3F8E-19AEF72BE934}.Debug|Any CPU.ActiveCfg = Debug|Any CPU
		{A6F9F3AC-CD74-ECD9-3F8E-19AEF72BE934}.Debug|Any CPU.Build.0 = Debug|Any CPU
		{A6F9F3AC-CD74-ECD9-3F8E-19AEF72BE934}.Release|Any CPU.ActiveCfg = Release|Any CPU
		{A6F9F3AC-CD74-ECD9-3F8E-19AEF72BE934}.Release|Any CPU.Build.0 = Release|Any CPU
		{33569665-0F8D-E34D-55B3-19A49CC82781}.Debug|Any CPU.ActiveCfg = Debug|Any CPU
		{33569665-0F8D-E34D-55B3-19A49CC82781}.Debug|Any CPU.Build.0 = Debug|Any CPU
		{33569665-0F8D-E34D-55B3-19A49CC82781}.Release|Any CPU.ActiveCfg = Release|Any CPU
		{33569665-0F8D-E34D-55B3-19A49CC82781}.Release|Any CPU.Build.0 = Release|Any CPU
	EndGlobalSection
	GlobalSection(SolutionProperties) = preSolution
		HideSolutionNode = FALSE
	EndGlobalSection
EndGlobal
